
Microsoft Visual Studio Solution File, Format Version 12.00
# Visual Studio 15
VisualStudioVersion = 15.0.26730.16
MinimumVisualStudioVersion = 10.0.40219.1
Project("{FAE04EC0-301F-11D3-BF4B-00C04F79EFBC}") = "missingLetter", "missingLetter\missingLetter.csproj", "{56664768-BA1B-417C-BF87-E0E129701EE2}"
EndProject
Global
	GlobalSection(SolutionConfigurationPlatforms) = preSolution
		Debug|Any CPU = Debug|Any CPU
		Release|Any CPU = Release|Any CPU
	EndGlobalSection
	GlobalSection(ProjectConfigurationPlatforms) = postSolution
		{56664768-BA1B-417C-BF87-E0E129701EE2}.Debug|Any CPU.ActiveCfg = Debug|Any CPU
		{56664768-BA1B-417C-BF87-E0E129701EE2}.Debug|Any CPU.Build.0 = Debug|Any CPU
		{56664768-BA1B-417C-BF87-E0E129701EE2}.Release|Any CPU.ActiveCfg = Release|Any CPU
		{56664768-BA1B-417C-BF87-E0E129701EE2}.Release|Any CPU.Build.0 = Release|Any CPU
	EndGlobalSection
	GlobalSection(SolutionProperties) = preSolution
		HideSolutionNode = FALSE
	EndGlobalSection
	GlobalSection(ExtensibilityGlobals) = postSolution
		SolutionGuid = {8A033054-25DA-4C7D-B10A-AB4B2EFC55AE}
	EndGlobalSection
EndGlobal
